
Microsoft Visual Studio Solution File, Format Version 12.00
# Visual Studio 15
VisualStudioVersion = 15.0.26430.14
MinimumVisualStudioVersion = 10.0.40219.1
Project("{FAE04EC0-301F-11D3-BF4B-00C04F79EFBC}") = "Bl", "Bl\Bl.csproj", "{8F7334BA-C3F8-4DC3-9CED-CA3F833FA0CC}"
EndProject
Project("{FAE04EC0-301F-11D3-BF4B-00C04F79EFBC}") = "Dto", "Dto\Dto.csproj", "{4A386F2A-6615-4F78-B955-122D966F2C28}"
EndProject
Project("{FAE04EC0-301F-11D3-BF4B-00C04F79EFBC}") = "WebApi", "WebApi\WebApi.csproj", "{45AAB87E-2559-48EF-ABFC-1DB204DB9DC7}"
EndProject
Project("{FAE04EC0-301F-11D3-BF4B-00C04F79EFBC}") = "tests", "tests\tests.csproj", "{110DEAFD-1E5D-4EC7-ACF8-6D853AB79361}"
EndProject
Global
	GlobalSection(SolutionConfigurationPlatforms) = preSolution
		Debug|Any CPU = Debug|Any CPU
		Release|Any CPU = Release|Any CPU
	EndGlobalSection
	GlobalSection(ProjectConfigurationPlatforms) = postSolution
		{8F7334BA-C3F8-4DC3-9CED-CA3F833FA0CC}.Debug|Any CPU.ActiveCfg = Debug|Any CPU
		{8F7334BA-C3F8-4DC3-9CED-CA3F833FA0CC}.Debug|Any CPU.Build.0 = Debug|Any CPU
		{8F7334BA-C3F8-4DC3-9CED-CA3F833FA0CC}.Release|Any CPU.ActiveCfg = Release|Any CPU
		{8F7334BA-C3F8-4DC3-9CED-CA3F833FA0CC}.Release|Any CPU.Build.0 = Release|Any CPU
		{4A386F2A-6615-4F78-B955-122D966F2C28}.Debug|Any CPU.ActiveCfg = Debug|Any CPU
		{4A386F2A-6615-4F78-B955-122D966F2C28}.Debug|Any CPU.Build.0 = Debug|Any CPU
		{4A386F2A-6615-4F78-B955-122D966F2C28}.Release|Any CPU.ActiveCfg = Release|Any CPU
		{4A386F2A-6615-4F78-B955-122D966F2C28}.Release|Any CPU.Build.0 = Release|Any CPU
		{45AAB87E-2559-48EF-ABFC-1DB204DB9DC7}.Debug|Any CPU.ActiveCfg = Debug|Any CPU
		{45AAB87E-2559-48EF-ABFC-1DB204DB9DC7}.Debug|Any CPU.Build.0 = Debug|Any CPU
		{45AAB87E-2559-48EF-ABFC-1DB204DB9DC7}.Release|Any CPU.ActiveCfg = Release|Any CPU
		{45AAB87E-2559-48EF-ABFC-1DB204DB9DC7}.Release|Any CPU.Build.0 = Release|Any CPU
		{110DEAFD-1E5D-4EC7-ACF8-6D853AB79361}.Debug|Any CPU.ActiveCfg = Debug|Any CPU
		{110DEAFD-1E5D-4EC7-ACF8-6D853AB79361}.Debug|Any CPU.Build.0 = Debug|Any CPU
		{110DEAFD-1E5D-4EC7-ACF8-6D853AB79361}.Release|Any CPU.ActiveCfg = Release|Any CPU
		{110DEAFD-1E5D-4EC7-ACF8-6D853AB79361}.Release|Any CPU.Build.0 = Release|Any CPU
	EndGlobalSection
	GlobalSection(SolutionProperties) = preSolution
		HideSolutionNode = FALSE
	EndGlobalSection
	GlobalSection(ExtensibilityGlobals) = postSolution
		SolutionGuid = {54B0EBF5-B60B-4AC4-8B5E-197D8DED4616}
	EndGlobalSection
EndGlobal
